{
  "requires": true,
  "lockfileVersion": 1,
  "dependencies": {
    "@react-leaflet/core": {
      "version": "1.0.2",
      "resolved": "https://registry.npmjs.org/@react-leaflet/core/-/core-1.0.2.tgz",
      "integrity": "sha512-QbleYZTMcgujAEyWGki8Lx6cXQqWkNtQlqf5c7NImlIp8bKW66bFpez/6EVatW7+p9WKBOEOVci/9W7WW70EZg=="
    },
    "@types/geojson": {
      "version": "7946.0.7",
      "resolved": "https://registry.npmjs.org/@types/geojson/-/geojson-7946.0.7.tgz",
      "integrity": "sha512-wE2v81i4C4Ol09RtsWFAqg3BUitWbHSpSlIo+bNdsCJijO9sjme+zm+73ZMCa/qMC8UEERxzGbvmr1cffo2SiQ==",
      "dev": true
    },
    "@types/leaflet": {
      "version": "1.5.19",
      "resolved": "https://registry.npmjs.org/@types/leaflet/-/leaflet-1.5.19.tgz",
      "integrity": "sha512-ZAKqfvdU/+KFoCpf8aUba09F8mfSc8R2esq++Cha3E2DgwS5K/I/4eJ+0JylrVHZivgY7PSAeXFv/izP+81/MQ==",
      "dev": true,
      "requires": {
        "@types/geojson": "*"
      }
    },
    "leaflet": {
      "version": "1.7.1",
      "resolved": "https://registry.npmjs.org/leaflet/-/leaflet-1.7.1.tgz",
      "integrity": "sha512-/xwPEBidtg69Q3HlqPdU3DnrXQOvQU/CCHA1tcDQVzOwm91YMYaILjNp7L4Eaw5Z4sOYdbBz6koWyibppd8Zqw=="
    },
    "react-leaflet": {
      "version": "3.0.5",
      "resolved": "https://registry.npmjs.org/react-leaflet/-/react-leaflet-3.0.5.tgz",
      "integrity": "sha512-0hJwwRMo5ChY+0nr1yO/UDCT4alIqMgJ7S/HoMBkL65Sr1yJ8eX5lAXk3EkdBUOwxQlMYCduU87pczYmudnlbQ==",
      "requires": {
        "@react-leaflet/core": "^1.0.2"
      }
    }
  }
}
